# This file is generated by running "yarn install" inside your project.
# Manual changes might be lost - proceed with caution!

__metadata:
  version: 7
  cacheKey: 9

"@firebase/analytics-compat@npm:0.2.6":
  version: 0.2.6
  resolution: "@firebase/analytics-compat@npm:0.2.6"
  dependencies:
    "@firebase/analytics": "npm:0.10.0"
    "@firebase/analytics-types": "npm:0.8.0"
    "@firebase/component": "npm:0.6.4"
    "@firebase/util": "npm:1.9.3"
    tslib: "npm:^2.1.0"
  peerDependencies:
    "@firebase/app-compat": 0.x
  checksum: 07414af489e39b8e53e23797695e52fef473138aba486df77b9f9c4e00a23856d40d2279f7c20ec851bcecbf7bd14513ee0ca1c5549b90453743f29bcf54d54e
  languageName: node
  linkType: hard

"@firebase/analytics-types@npm:0.8.0":
  version: 0.8.0
  resolution: "@firebase/analytics-types@npm:0.8.0"
  checksum: 46548f60c7ff7b3f500e0b41132635b325d9b7db88a14cc5606127ffef0ddcecb595401a858825815e34ffe9c19d2f0cbb67a920b70bba0bf7306a9fbac5010d
  languageName: node
  linkType: hard

"@firebase/analytics@npm:0.10.0":
  version: 0.10.0
  resolution: "@firebase/analytics@npm:0.10.0"
  dependencies:
    "@firebase/component": "npm:0.6.4"
    "@firebase/installations": "npm:0.6.4"
    "@firebase/logger": "npm:0.4.0"
    "@firebase/util": "npm:1.9.3"
    tslib: "npm:^2.1.0"
  peerDependencies:
    "@firebase/app": 0.x
  checksum: 97d9281da8043476585c9404c6930e770c29ad08013e27e48f6fbfb0048e424dd3ddd900de04c9fb9a4a7952772dcd4fdf16e5f89ab3cb6b07bd5a85b60131bb
  languageName: node
  linkType: hard

"@firebase/app-check-compat@npm:0.3.7":
  version: 0.3.7
  resolution: "@firebase/app-check-compat@npm:0.3.7"
  dependencies:
    "@firebase/app-check": "npm:0.8.0"
    "@firebase/app-check-types": "npm:0.5.0"
    "@firebase/component": "npm:0.6.4"
    "@firebase/logger": "npm:0.4.0"
    "@firebase/util": "npm:1.9.3"
    tslib: "npm:^2.1.0"
  peerDependencies:
    "@firebase/app-compat": 0.x
  checksum: 7cdbb76a602d3fed9fda6aab63711588458a9e63c0f4c9dd8e62eb63da8410c9c1980650a449ad44f730e97b4ad9d67024faa9cc7917f20be8af80ebb5cbdc8d
  languageName: node
  linkType: hard

"@firebase/app-check-interop-types@npm:0.3.0":
  version: 0.3.0
  resolution: "@firebase/app-check-interop-types@npm:0.3.0"
  checksum: ec8dc97281c50691f6ee2b196c20d9db642d9e88160352b63c96861d89d0f6099f696f551cf47858c78d4479bb9d7312182d3ee0ae13fa5a0176b71dee65e94f
  languageName: node
  linkType: hard

"@firebase/app-check-types@npm:0.5.0":
  version: 0.5.0
  resolution: "@firebase/app-check-types@npm:0.5.0"
  checksum: ea2a7fb74922734baf9282bd6b7cc3ba88bbd311894f0622c95d1a5f2809bfb5ff243784d35bf02a8d342a933fe35ebf1a649a20489671b63191ae2601434615
  languageName: node
  linkType: hard

"@firebase/app-check@npm:0.8.0":
  version: 0.8.0
  resolution: "@firebase/app-check@npm:0.8.0"
  dependencies:
    "@firebase/component": "npm:0.6.4"
    "@firebase/logger": "npm:0.4.0"
    "@firebase/util": "npm:1.9.3"
    tslib: "npm:^2.1.0"
  peerDependencies:
    "@firebase/app": 0.x
  checksum: 4eddd136216cd23bf5e4e311d166f6fbe479bdf6fd27e32a3d34a75873a0cb57e09c012884bf4c60d73c98eef1f34e9d353d9db369d2d3b4d04240ec39046eb3
  languageName: node
  linkType: hard

"@firebase/app-compat@npm:0.2.18":
  version: 0.2.18
  resolution: "@firebase/app-compat@npm:0.2.18"
  dependencies:
    "@firebase/app": "npm:0.9.18"
    "@firebase/component": "npm:0.6.4"
    "@firebase/logger": "npm:0.4.0"
    "@firebase/util": "npm:1.9.3"
    tslib: "npm:^2.1.0"
  checksum: 44e843726d822a3a36172aaa2438a0c663b7ab3284da32975801c60f5a6a703b3f41a670baf7b88c9241dcc129137e59ef6d5779d664bf4bff9107e03557634b
  languageName: node
  linkType: hard

"@firebase/app-types@npm:0.9.0":
  version: 0.9.0
  resolution: "@firebase/app-types@npm:0.9.0"
  checksum: be9a4ceaa31f50085b6d4c52f52f85d65c2e1b5fa950a10a23d164d32d9141649e47cfa8a591df43365e5412350a0380cc56a4330055b139976f505c0fcee268
  languageName: node
  linkType: hard

"@firebase/app@npm:0.9.18":
  version: 0.9.18
  resolution: "@firebase/app@npm:0.9.18"
  dependencies:
    "@firebase/component": "npm:0.6.4"
    "@firebase/logger": "npm:0.4.0"
    "@firebase/util": "npm:1.9.3"
    idb: "npm:7.1.1"
    tslib: "npm:^2.1.0"
  checksum: 899aea8115b8a49fd08513bc20dee4a3bcb134319919d84c1555d4f0d6528bad2073e1440dd18f5817cb52a36e4bd6c0dbcb3142da4622787f5988cc55d29bcc
  languageName: node
  linkType: hard

"@firebase/auth-compat@npm:0.4.6":
  version: 0.4.6
  resolution: "@firebase/auth-compat@npm:0.4.6"
  dependencies:
    "@firebase/auth": "npm:1.3.0"
    "@firebase/auth-types": "npm:0.12.0"
    "@firebase/component": "npm:0.6.4"
    "@firebase/util": "npm:1.9.3"
    node-fetch: "npm:2.6.7"
    tslib: "npm:^2.1.0"
  peerDependencies:
    "@firebase/app-compat": 0.x
  checksum: 4967771fd9d943339c9a33220a3793579988ca26aa5c3ed9f7e04621671e31f7a86305da462e00d063b281b4a7db3ef042614bd2f84a312458fedde805e67afe
  languageName: node
  linkType: hard

"@firebase/auth-interop-types@npm:0.2.1":
  version: 0.2.1
  resolution: "@firebase/auth-interop-types@npm:0.2.1"
  checksum: 01c8612dc69426ceac5599c3cd3d647fedf30ed626ce83a933224965a0d686cb7ce21b4e89f44fe0308e9215e2d20f38b35884b062b246e5cbce53774d5e3742
  languageName: node
  linkType: hard

"@firebase/auth-types@npm:0.12.0":
  version: 0.12.0
  resolution: "@firebase/auth-types@npm:0.12.0"
  peerDependencies:
    "@firebase/app-types": 0.x
    "@firebase/util": 1.x
  checksum: 39e4325eeb3247931fd89eafd87e80015a6a6d5b63c389b1e4fb4fd06b9b12985bdd0706c946dfeb15ab8d7ebdcb5af9ac6c4f268c513c699a256774d82fcca1
  languageName: node
  linkType: hard

"@firebase/auth@npm:1.3.0":
  version: 1.3.0
  resolution: "@firebase/auth@npm:1.3.0"
  dependencies:
    "@firebase/component": "npm:0.6.4"
    "@firebase/logger": "npm:0.4.0"
    "@firebase/util": "npm:1.9.3"
    node-fetch: "npm:2.6.7"
    tslib: "npm:^2.1.0"
  peerDependencies:
    "@firebase/app": 0.x
    "@react-native-async-storage/async-storage": ^1.18.1
  peerDependenciesMeta:
    "@react-native-async-storage/async-storage":
      optional: true
  checksum: 4b66cf372b4277da001bd7f570143074f726ab3063a350ee2adf787057442b84e3610adcc22fd3706e9f2e314272fca87704c421589ff919c019f772be9b0ffb
  languageName: node
  linkType: hard

"@firebase/component@npm:0.6.4":
  version: 0.6.4
  resolution: "@firebase/component@npm:0.6.4"
  dependencies:
    "@firebase/util": "npm:1.9.3"
    tslib: "npm:^2.1.0"
  checksum: cf5eae0e616f364ce95398d9a0dd0ce84c4047c36cad0fc1e753a0c1188ec49223c332e67f94520a81491a4773caf40bf3e470fda9fc060aaea5b24695bbcb51
  languageName: node
  linkType: hard

"@firebase/database-compat@npm:1.0.1":
  version: 1.0.1
  resolution: "@firebase/database-compat@npm:1.0.1"
  dependencies:
    "@firebase/component": "npm:0.6.4"
    "@firebase/database": "npm:1.0.1"
    "@firebase/database-types": "npm:1.0.0"
    "@firebase/logger": "npm:0.4.0"
    "@firebase/util": "npm:1.9.3"
    tslib: "npm:^2.1.0"
  checksum: b90ac3efa1aecef83a29e77b9fb36e7251aab759ddd7da732bd5e411c1d69d6c3a3c6db4b4f3b889c94278ea9cbe7d849213389a8953df955f6bf1ba63814c82
  languageName: node
  linkType: hard

"@firebase/database-types@npm:1.0.0":
  version: 1.0.0
  resolution: "@firebase/database-types@npm:1.0.0"
  dependencies:
    "@firebase/app-types": "npm:0.9.0"
    "@firebase/util": "npm:1.9.3"
  checksum: 3a7d3ecaf01a0e69f17c7a89987aff2d617457e90e22536cb14c5c494f404fcf6211c592e0d323772c53ef675ddb0b087b7faf19c18987af7d1cf682b80fb595
  languageName: node
  linkType: hard

"@firebase/database@npm:1.0.1":
  version: 1.0.1
  resolution: "@firebase/database@npm:1.0.1"
  dependencies:
    "@firebase/auth-interop-types": "npm:0.2.1"
    "@firebase/component": "npm:0.6.4"
    "@firebase/logger": "npm:0.4.0"
    "@firebase/util": "npm:1.9.3"
    faye-websocket: "npm:0.11.4"
    tslib: "npm:^2.1.0"
  checksum: ad6dd29a303292ce16f050e7367c3dff2d569c71c661df33301160440fc96d717c492b91d0b6fb4fea1d03a657c750fa3055cd6e459e8c5b0654f2f102f2f173
  languageName: node
  linkType: hard

"@firebase/firestore-compat@npm:0.3.17":
  version: 0.3.17
  resolution: "@firebase/firestore-compat@npm:0.3.17"
  dependencies:
    "@firebase/component": "npm:0.6.4"
    "@firebase/firestore": "npm:4.1.3"
    "@firebase/firestore-types": "npm:3.0.0"
    "@firebase/util": "npm:1.9.3"
    tslib: "npm:^2.1.0"
  peerDependencies:
    "@firebase/app-compat": 0.x
  checksum: 155bf55baf23ef28e19b6d4774bc964dd57917df7eaaf6e3ef8f116998082fb893f942768545d1ec04edfe13e11a9c0b26381e1fd5c3904bcfdc2af21caf2237
  languageName: node
  linkType: hard

"@firebase/firestore-types@npm:3.0.0":
  version: 3.0.0
  resolution: "@firebase/firestore-types@npm:3.0.0"
  peerDependencies:
    "@firebase/app-types": 0.x
    "@firebase/util": 1.x
  checksum: 2cdc568a0111fb6c839025b5029153bb1534e0a2c9daed3fc5a14def629f44082670d5fcb11e9e821f9b04549fbb36096910318cd6ea2f7ca7d3af26025a7f36
  languageName: node
  linkType: hard

"@firebase/firestore@npm:4.1.3":
  version: 4.1.3
  resolution: "@firebase/firestore@npm:4.1.3"
  dependencies:
    "@firebase/component": "npm:0.6.4"
    "@firebase/logger": "npm:0.4.0"
    "@firebase/util": "npm:1.9.3"
    "@firebase/webchannel-wrapper": "npm:0.10.2"
    "@grpc/grpc-js": "npm:~1.8.17"
    "@grpc/proto-loader": "npm:^0.7.8"
    node-fetch: "npm:2.6.7"
    tslib: "npm:^2.1.0"
  peerDependencies:
    "@firebase/app": 0.x
  checksum: c1144729b0aaed7280fd431ddd747565e21437e70b4e2908caa722428a8d381fcb6df979537538858f70daa9e81809f6d5451476ab35a0500e8c4551556259e2
  languageName: node
  linkType: hard

"@firebase/functions-compat@npm:0.3.5":
  version: 0.3.5
  resolution: "@firebase/functions-compat@npm:0.3.5"
  dependencies:
    "@firebase/component": "npm:0.6.4"
    "@firebase/functions": "npm:0.10.0"
    "@firebase/functions-types": "npm:0.6.0"
    "@firebase/util": "npm:1.9.3"
    tslib: "npm:^2.1.0"
  peerDependencies:
    "@firebase/app-compat": 0.x
  checksum: d96d3759daf2b27d839b504820b90cdf0e72d2849dd807e878bf9118290acc7c18a85377ec0f5afad914c793668e23c57ad30ee0fa4ac1526e613d3cedee898a
  languageName: node
  linkType: hard

"@firebase/functions-types@npm:0.6.0":
  version: 0.6.0
  resolution: "@firebase/functions-types@npm:0.6.0"
  checksum: f9bff6ecc3d5fa6514e2070661efc0cf6c9b367d7501b6389128080bc321306067dc80f717c52b6d74ad02980ecdee0ba528c4a1dfd26599ac978dcc2012b893
  languageName: node
  linkType: hard

"@firebase/functions@npm:0.10.0":
  version: 0.10.0
  resolution: "@firebase/functions@npm:0.10.0"
  dependencies:
    "@firebase/app-check-interop-types": "npm:0.3.0"
    "@firebase/auth-interop-types": "npm:0.2.1"
    "@firebase/component": "npm:0.6.4"
    "@firebase/messaging-interop-types": "npm:0.2.0"
    "@firebase/util": "npm:1.9.3"
    node-fetch: "npm:2.6.7"
    tslib: "npm:^2.1.0"
  peerDependencies:
    "@firebase/app": 0.x
  checksum: 6aca8a5880a1f665176c13417790b23e02bc22bb7aa654b752562d1513bc681c2bf1ff46964e3822148c53d35ee1e74f82d053077e3723019b34ede06dbab6e0
  languageName: node
  linkType: hard

"@firebase/installations-compat@npm:0.2.4":
  version: 0.2.4
  resolution: "@firebase/installations-compat@npm:0.2.4"
  dependencies:
    "@firebase/component": "npm:0.6.4"
    "@firebase/installations": "npm:0.6.4"
    "@firebase/installations-types": "npm:0.5.0"
    "@firebase/util": "npm:1.9.3"
    tslib: "npm:^2.1.0"
  peerDependencies:
    "@firebase/app-compat": 0.x
  checksum: 8f8f0f2693a4d3e23d4bbad6c370d36c7595cf0a08ea0b1ed9d19ec2da015415c4b2310f4753b20829c2c39483f743e9d172181251b18fdfe168c3483291a4c3
  languageName: node
  linkType: hard

"@firebase/installations-types@npm:0.5.0":
  version: 0.5.0
  resolution: "@firebase/installations-types@npm:0.5.0"
  peerDependencies:
    "@firebase/app-types": 0.x
  checksum: 1568d04645bafd1e325f5b2e7cf1298f18c268496ec600b83748e9b9105c82f266ec2ab584b7d1e37ff4085a2f0859f09bc83da729a0c9740750d80ec47a4e08
  languageName: node
  linkType: hard

"@firebase/installations@npm:0.6.4":
  version: 0.6.4
  resolution: "@firebase/installations@npm:0.6.4"
  dependencies:
    "@firebase/component": "npm:0.6.4"
    "@firebase/util": "npm:1.9.3"
    idb: "npm:7.0.1"
    tslib: "npm:^2.1.0"
  peerDependencies:
    "@firebase/app": 0.x
  checksum: 3a3bdaa70bd31d5ee48841e963d5beebbdd4ea26b4b8292354482b2630ddd20796b756cba73890946cf18be2e0f2d7993925a57a86a516af18493f0f4ecd2367
  languageName: node
  linkType: hard

"@firebase/logger@npm:0.4.0":
  version: 0.4.0
  resolution: "@firebase/logger@npm:0.4.0"
  dependencies:
    tslib: "npm:^2.1.0"
  checksum: cb2393bb2759163e29384f2ddb0f3610461dd478049fb477fd841a6bfddd5b0c19797bc87695be50f73138c40b2d91ccf93498d12afcab839a9854b544002b2b
  languageName: node
  linkType: hard

"@firebase/messaging-compat@npm:0.2.4":
  version: 0.2.4
  resolution: "@firebase/messaging-compat@npm:0.2.4"
  dependencies:
    "@firebase/component": "npm:0.6.4"
    "@firebase/messaging": "npm:0.12.4"
    "@firebase/util": "npm:1.9.3"
    tslib: "npm:^2.1.0"
  peerDependencies:
    "@firebase/app-compat": 0.x
  checksum: 11746863a1749fa2bf2cfaffe4adbc5cdf64f0d7c12882e03feb750022cd3beb1aec7ac449022f9bbcef1c329ff5fecb08c02791e7376a289bab5992881db247
  languageName: node
  linkType: hard

"@firebase/messaging-interop-types@npm:0.2.0":
  version: 0.2.0
  resolution: "@firebase/messaging-interop-types@npm:0.2.0"
  checksum: 78dc7ac264ec3fa4b6aef7baa766a35c37f1c068d50c6adc5e5fa501452e5c91c899155f343420d4f3f988b3b43aa3ddb0c4f54ea20da5773a8ae07b3307cd53
  languageName: node
  linkType: hard

"@firebase/messaging@npm:0.12.4":
  version: 0.12.4
  resolution: "@firebase/messaging@npm:0.12.4"
  dependencies:
    "@firebase/component": "npm:0.6.4"
    "@firebase/installations": "npm:0.6.4"
    "@firebase/messaging-interop-types": "npm:0.2.0"
    "@firebase/util": "npm:1.9.3"
    idb: "npm:7.0.1"
    tslib: "npm:^2.1.0"
  peerDependencies:
    "@firebase/app": 0.x
  checksum: 13403a63bc051c7b6519c78ee9c6fec0eaee8b27ce8234442c254d3c067ee22d866af50dd523a90d8740edba1b5d9a31f33fd3dbfdb674c71789c45c123bf9d0
  languageName: node
  linkType: hard

"@firebase/performance-compat@npm:0.2.4":
  version: 0.2.4
  resolution: "@firebase/performance-compat@npm:0.2.4"
  dependencies:
    "@firebase/component": "npm:0.6.4"
    "@firebase/logger": "npm:0.4.0"
    "@firebase/performance": "npm:0.6.4"
    "@firebase/performance-types": "npm:0.2.0"
    "@firebase/util": "npm:1.9.3"
    tslib: "npm:^2.1.0"
  peerDependencies:
    "@firebase/app-compat": 0.x
  checksum: 3daa2df0f6bcb0901084f7338649238111239e2ef4cec2fb8873e0d3488e67dec606b0d15da3e4b7a6c77f20c770b04e07887278e2388e34ca609dec2d6d210b
  languageName: node
  linkType: hard

"@firebase/performance-types@npm:0.2.0":
  version: 0.2.0
  resolution: "@firebase/performance-types@npm:0.2.0"
  checksum: 7798a75d27d75b670724bd4ec11277320f2e3ed82fdcf4de102a245a7ca30e42f69be888df23cc34b5e3213e201053b6f2b9017777c292af14f69b80336e3d72
  languageName: node
  linkType: hard

"@firebase/performance@npm:0.6.4":
  version: 0.6.4
  resolution: "@firebase/performance@npm:0.6.4"
  dependencies:
    "@firebase/component": "npm:0.6.4"
    "@firebase/installations": "npm:0.6.4"
    "@firebase/logger": "npm:0.4.0"
    "@firebase/util": "npm:1.9.3"
    tslib: "npm:^2.1.0"
  peerDependencies:
    "@firebase/app": 0.x
  checksum: e5d0b2969ef4aa74e858597a5b78b13b62ee1a3c7644091daa4296be525325c87a94f4e4f644b16eaa78a8ab814a0d706861c04552649f00090cfb0a6ce196e7
  languageName: node
  linkType: hard

"@firebase/remote-config-compat@npm:0.2.4":
  version: 0.2.4
  resolution: "@firebase/remote-config-compat@npm:0.2.4"
  dependencies:
    "@firebase/component": "npm:0.6.4"
    "@firebase/logger": "npm:0.4.0"
    "@firebase/remote-config": "npm:0.4.4"
    "@firebase/remote-config-types": "npm:0.3.0"
    "@firebase/util": "npm:1.9.3"
    tslib: "npm:^2.1.0"
  peerDependencies:
    "@firebase/app-compat": 0.x
  checksum: 91fd2fe4c5e04242e9a9caa5a3215196fb335e1d97f196efb3b10831400ebfbf204e271962f4c9e63a99b37d4cd2b017c87eef867c1da9143f34fef43d48137f
  languageName: node
  linkType: hard

"@firebase/remote-config-types@npm:0.3.0":
  version: 0.3.0
  resolution: "@firebase/remote-config-types@npm:0.3.0"
  checksum: 317debf36c39733ce0f331fe24971af0badc91497d845d49977e87bb2677484da6020d79d59ef9b9f471e6063d1354e9f9581bdc3c9f60ce77fbf64650ded2f0
  languageName: node
  linkType: hard

"@firebase/remote-config@npm:0.4.4":
  version: 0.4.4
  resolution: "@firebase/remote-config@npm:0.4.4"
  dependencies:
    "@firebase/component": "npm:0.6.4"
    "@firebase/installations": "npm:0.6.4"
    "@firebase/logger": "npm:0.4.0"
    "@firebase/util": "npm:1.9.3"
    tslib: "npm:^2.1.0"
  peerDependencies:
    "@firebase/app": 0.x
  checksum: ea4b65a97ec3abcac9e6fe1d98bd5a2d3eb758271638035c9a0cf2267a5241c44f53280a8d9b0bed64d059fcab84321210e55cca2f392155cd557a4ffc82b360
  languageName: node
  linkType: hard

"@firebase/storage-compat@npm:0.3.2":
  version: 0.3.2
  resolution: "@firebase/storage-compat@npm:0.3.2"
  dependencies:
    "@firebase/component": "npm:0.6.4"
    "@firebase/storage": "npm:0.11.2"
    "@firebase/storage-types": "npm:0.8.0"
    "@firebase/util": "npm:1.9.3"
    tslib: "npm:^2.1.0"
  peerDependencies:
    "@firebase/app-compat": 0.x
  checksum: 206e3a88b4451e4701ff2011d3336958bd5da01aeed7dd9441312934246d61012c7afeb1e8d445ce9bbfa389d3a8166ecfe639dc37ab11dd608df22d172b3b5c
  languageName: node
  linkType: hard

"@firebase/storage-types@npm:0.8.0":
  version: 0.8.0
  resolution: "@firebase/storage-types@npm:0.8.0"
  peerDependencies:
    "@firebase/app-types": 0.x
    "@firebase/util": 1.x
  checksum: 4cc96edfbe9b088beb232e156083e3f9ddf1b7f40b40eb592051de37b8f9cfe33f0ee1711b7d2f855bbb55c8aeb62abaaefafa4233b1c55ba862d1568c087041
  languageName: node
  linkType: hard

"@firebase/storage@npm:0.11.2":
  version: 0.11.2
  resolution: "@firebase/storage@npm:0.11.2"
  dependencies:
    "@firebase/component": "npm:0.6.4"
    "@firebase/util": "npm:1.9.3"
    node-fetch: "npm:2.6.7"
    tslib: "npm:^2.1.0"
  peerDependencies:
    "@firebase/app": 0.x
  checksum: 9db9841ca4aab5dd239a83c9a48c7ef4b3efbb9680d7a8a4d02812fa1183ac8e6fcde7fdb65bbb4d6307f30e30ae5ed26347ff902bfd3a19ee14184b7b1f1c95
  languageName: node
  linkType: hard

"@firebase/util@npm:1.9.3":
  version: 1.9.3
  resolution: "@firebase/util@npm:1.9.3"
  dependencies:
    tslib: "npm:^2.1.0"
  checksum: 6c959d70e7c5da35f406a11b2312b9642493078a73a6f167ea95ed18d81ae8114c95fa4f1499cc6692624be63b3fafdc820a6ad65563269457dfc5333126c03d
  languageName: node
  linkType: hard

"@firebase/webchannel-wrapper@npm:0.10.2":
  version: 0.10.2
  resolution: "@firebase/webchannel-wrapper@npm:0.10.2"
  checksum: 2751c7d6da1165a8ab81b9dfd5dc7deb5698f072b537b60e9c56f39c99f92acad51baf6e73534c429ff4e33e5e040c360b433f8da377cf60c35a253293dcc29f
  languageName: node
  linkType: hard

"@grpc/grpc-js@npm:~1.8.17":
  version: 1.8.21
  resolution: "@grpc/grpc-js@npm:1.8.21"
  dependencies:
    "@grpc/proto-loader": "npm:^0.7.0"
    "@types/node": "npm:>=12.12.47"
  checksum: 3f869e5cdcf75eadb182c4f68197fca7068e1ad40ac7c5bfb58f9bfd6289804758e2907397a1e03b58fc784e067acd7383b64fced4208b36c61c90f369b647b8
  languageName: node
  linkType: hard

"@grpc/proto-loader@npm:^0.7.0, @grpc/proto-loader@npm:^0.7.8":
  version: 0.7.9
  resolution: "@grpc/proto-loader@npm:0.7.9"
  dependencies:
    lodash.camelcase: "npm:^4.3.0"
    long: "npm:^5.0.0"
    protobufjs: "npm:^7.2.4"
    yargs: "npm:^17.7.2"
  bin:
    proto-loader-gen-types: build/bin/proto-loader-gen-types.js
  checksum: 16f0cc2202d3a83eb7f9a35dda2f1d74c9aa86ce2b4cca90a33f0755792a04c4f28ba2d0f2b9f55412da81cd557717864c82755212447c29ba59b7346ca7c458
  languageName: node
  linkType: hard

"@next/env@npm:13.4.19":
  version: 13.4.19
  resolution: "@next/env@npm:13.4.19"
  checksum: f7820c1ecad97c376d3ffde9ea21ad9c5371b6a193aa4f4f02e27c679ad35c7736b7c99b6525c9d5c1c4ced1c56ae9f20a67e420543508b37f78d7d0df7da69a
  languageName: node
  linkType: hard

"@next/swc-darwin-arm64@npm:13.4.19":
  version: 13.4.19
  resolution: "@next/swc-darwin-arm64@npm:13.4.19"
  conditions: os=darwin & cpu=arm64
  languageName: node
  linkType: hard

"@next/swc-darwin-x64@npm:13.4.19":
  version: 13.4.19
  resolution: "@next/swc-darwin-x64@npm:13.4.19"
  conditions: os=darwin & cpu=x64
  languageName: node
  linkType: hard

"@next/swc-linux-arm64-gnu@npm:13.4.19":
  version: 13.4.19
  resolution: "@next/swc-linux-arm64-gnu@npm:13.4.19"
  conditions: os=linux & cpu=arm64 & libc=glibc
  languageName: node
  linkType: hard

"@next/swc-linux-arm64-musl@npm:13.4.19":
  version: 13.4.19
  resolution: "@next/swc-linux-arm64-musl@npm:13.4.19"
  conditions: os=linux & cpu=arm64 & libc=musl
  languageName: node
  linkType: hard

"@next/swc-linux-x64-gnu@npm:13.4.19":
  version: 13.4.19
  resolution: "@next/swc-linux-x64-gnu@npm:13.4.19"
  conditions: os=linux & cpu=x64 & libc=glibc
  languageName: node
  linkType: hard

"@next/swc-linux-x64-musl@npm:13.4.19":
  version: 13.4.19
  resolution: "@next/swc-linux-x64-musl@npm:13.4.19"
  conditions: os=linux & cpu=x64 & libc=musl
  languageName: node
  linkType: hard

"@next/swc-win32-arm64-msvc@npm:13.4.19":
  version: 13.4.19
  resolution: "@next/swc-win32-arm64-msvc@npm:13.4.19"
  conditions: os=win32 & cpu=arm64
  languageName: node
  linkType: hard

"@next/swc-win32-ia32-msvc@npm:13.4.19":
  version: 13.4.19
  resolution: "@next/swc-win32-ia32-msvc@npm:13.4.19"
  conditions: os=win32 & cpu=ia32
  languageName: node
  linkType: hard

"@next/swc-win32-x64-msvc@npm:13.4.19":
  version: 13.4.19
  resolution: "@next/swc-win32-x64-msvc@npm:13.4.19"
  conditions: os=win32 & cpu=x64
  languageName: node
  linkType: hard

"@protobufjs/aspromise@npm:^1.1.1, @protobufjs/aspromise@npm:^1.1.2":
  version: 1.1.2
  resolution: "@protobufjs/aspromise@npm:1.1.2"
  checksum: cab3149954b2e788b21aef9ec244b639b99412b79ca75aa65d942c2f8f626d08758fe360393be6878966675498b5d61b9a68a1690a589def7f6f33b41aa5f2a2
  languageName: node
  linkType: hard

"@protobufjs/base64@npm:^1.1.2":
  version: 1.1.2
  resolution: "@protobufjs/base64@npm:1.1.2"
  checksum: 493645603791ad44f67f4943204e65350f85eb52a255ddc5d523359f78dbcfd25ca81b4582701ac5b4f38ba5a948cc06dfbce0a8b6ca932f04b80b02c8e6b25f
  languageName: node
  linkType: hard

"@protobufjs/codegen@npm:^2.0.4":
  version: 2.0.4
  resolution: "@protobufjs/codegen@npm:2.0.4"
  checksum: c865ce94fc36a6b0a5306df26172b4cbc1d492cdddf37220a09aaec0a164bc2a4e1fecff6bc9ac60342dcad868403ba6814bcb0aecf57c730499123e818898f5
  languageName: node
  linkType: hard

"@protobufjs/eventemitter@npm:^1.1.0":
  version: 1.1.0
  resolution: "@protobufjs/eventemitter@npm:1.1.0"
  checksum: afdb637b90482e453815b15bc4b62f817d9faa517ffd9a556cd61998953f7df566afdefd37ebfb66da034bb77f2debdfdfe97ddca311769a52f43845216f80f3
  languageName: node
  linkType: hard

"@protobufjs/fetch@npm:^1.1.0":
  version: 1.1.0
  resolution: "@protobufjs/fetch@npm:1.1.0"
  dependencies:
    "@protobufjs/aspromise": "npm:^1.1.1"
    "@protobufjs/inquire": "npm:^1.1.0"
  checksum: 94e99ae347dc3906106600e74da3f29f1dd192132c9693b6aba4a9705eef4d27111727d0020a9b90bd4d87980b211a64bf0c30862ce3a916858033184ccd604a
  languageName: node
  linkType: hard

"@protobufjs/float@npm:^1.0.2":
  version: 1.0.2
  resolution: "@protobufjs/float@npm:1.0.2"
  checksum: 760cc9bc24c18c7f7fe37f83f108d2daf42e4f9ac6a8e6c0a8b0d95eaa9618c74e6d9c2706eba5d28bd7baf3206fe34c19c4f2f094069c643f4a68e82024dddb
  languageName: node
  linkType: hard

"@protobufjs/inquire@npm:^1.1.0":
  version: 1.1.0
  resolution: "@protobufjs/inquire@npm:1.1.0"
  checksum: 619e7c31f972458bec6511ddaa987f47014b847788e6a3f2dc8af0978ebdf0df52536bc0efa4406d7764b6f7e05979289e0882e027a881f0a4ffb33211ea888d
  languageName: node
  linkType: hard

"@protobufjs/path@npm:^1.1.2":
  version: 1.1.2
  resolution: "@protobufjs/path@npm:1.1.2"
  checksum: 85960f22ef76d802d3b1102bd0d14a2ee6b61e96e16e7e129f846a71fd5975c684993b4743e7f1cc7246b6bf287b0abff9425331104dac696eac6b8b75e62920
  languageName: node
  linkType: hard

"@protobufjs/pool@npm:^1.1.0":
  version: 1.1.0
  resolution: "@protobufjs/pool@npm:1.1.0"
  checksum: 8ceda1b6ab3ba81accc0f9781f4f2182441ad00d35020b13814cf1045c2482b0e002be5aaacabaccb15f15454900e4739771079e40f81011b829aa4d1103b5da
  languageName: node
  linkType: hard

"@protobufjs/utf8@npm:^1.1.0":
  version: 1.1.0
  resolution: "@protobufjs/utf8@npm:1.1.0"
  checksum: a9dd3eca80967bab9175c860b87e4e2fd2cc867460df5431fc47898f5b817e6a88f670e5f58655c3753bccde25bcd77ec18f0a433b6dee8e4b50711707b2f7c1
  languageName: node
  linkType: hard

"@swc/helpers@npm:0.5.1":
  version: 0.5.1
  resolution: "@swc/helpers@npm:0.5.1"
  dependencies:
    tslib: "npm:^2.4.0"
  checksum: ac7ad276f6afaf22e251b246f71e797e451a80ac606fa0ad978ee016fd17eddd317737004b792d8486f40ed8e9df083337309afc851d6861aa09d8f8f6d47b1f
  languageName: node
  linkType: hard

"@types/node@npm:>=12.12.47, @types/node@npm:>=13.7.0":
  version: 20.6.0
  resolution: "@types/node@npm:20.6.0"
  checksum: a47628ac5cc1306bdc1892f9499b4f446b7859390514a38f2108f7703854591fa4e7339cf8af910598fe26024d87dce9951f0371b41c057f9c67c63e119d8f0b
  languageName: node
  linkType: hard

"ansi-regex@npm:^5.0.1":
  version: 5.0.1
  resolution: "ansi-regex@npm:5.0.1"
  checksum: 627f94ee7fcc5e03186646ebd11ca2ccd954f3cb48fc6a3f42883db6bbf3df5dfba06d62647b2f72c975349fc072c5c44808b7da26d08a9313a7f304acda2efb
  languageName: node
  linkType: hard

"ansi-styles@npm:^4.0.0":
  version: 4.3.0
  resolution: "ansi-styles@npm:4.3.0"
  dependencies:
    color-convert: "npm:^2.0.1"
  checksum: d15dab617b78cbc96f10016e929e921ad73695753de4e45a911ecee6e29aa45c71d58f1ffaf8e49889dbe726dbdb2bbe5b4e3a7bf1c517f8740ae83a29b7df25
  languageName: node
  linkType: hard

"busboy@npm:1.6.0":
  version: 1.6.0
  resolution: "busboy@npm:1.6.0"
  dependencies:
    streamsearch: "npm:^1.1.0"
  checksum: 4f9b97d97465ab8d7da3f9ee34129e4e92e473451547f3960224f209249b2546006c0bc66842932c0646c98247facf7f3341a20966114fadd234434e319411ad
  languageName: node
  linkType: hard

"caniuse-lite@npm:^1.0.30001406":
  version: 1.0.30001525
  resolution: "caniuse-lite@npm:1.0.30001525"
  checksum: ef9a570fcef1f003d3ab3944589788fa6a42af010764aaeaa4315bc2bdc8dc8dbc7cf4497008c687a8e311b5557f3374c52484c6459a89a2e8a45ed1029c3d13
  languageName: node
  linkType: hard

"client-only@npm:0.0.1":
  version: 0.0.1
  resolution: "client-only@npm:0.0.1"
  checksum: d2117e1ff1ceaaa6c21ce705f5516fbdb197d5a10e7ebc6f698cb550cae63394da07d1a73045bc208f5608e953523ac807009cfb88a7e4c740df5da347ce722f
  languageName: node
  linkType: hard

"cliui@npm:^8.0.1":
  version: 8.0.1
  resolution: "cliui@npm:8.0.1"
  dependencies:
    string-width: "npm:^4.2.0"
    strip-ansi: "npm:^6.0.1"
    wrap-ansi: "npm:^7.0.0"
  checksum: 4db0fc81f3dbd46b65840a739a43ce83a69e58d7da5ae701948fbfc14c25d82a02dd3a3dbed5a20828000e93b4bf2217b181a0a089d580af5daf9452e9c9eab3
  languageName: node
  linkType: hard

"color-convert@npm:^2.0.1":
  version: 2.0.1
  resolution: "color-convert@npm:2.0.1"
  dependencies:
    color-name: "npm:~1.1.4"
  checksum: bf4d19d12621eae71a531e5b977f46717b15e0d3253f25790f5779b7577124e4d9c4597df05cee79e8f8e8fc14add04e738a659ee4336ee0cc5587ebc3c602e7
  languageName: node
  linkType: hard

"color-name@npm:~1.1.4":
  version: 1.1.4
  resolution: "color-name@npm:1.1.4"
  checksum: 80acf64638343898f5b36825f4c9715ced380e738400b308f3f90ca2327f2f98f0c2cfb1f1a6447f267a2e1d1ea2214f26e948d8acab547e5478e2b0816c7c30
  languageName: node
  linkType: hard

"emoji-regex@npm:^8.0.0":
  version: 8.0.0
  resolution: "emoji-regex@npm:8.0.0"
  checksum: 0b84c9059a3f051e3da79112ee450f22bc8466dde2a7e09a0b1fc4eff3b98183596e6e2704d5356266851e2a013d95467421eb81c36408fbab1aeb3fc5e4764f
  languageName: node
  linkType: hard

"escalade@npm:^3.1.1":
  version: 3.1.1
  resolution: "escalade@npm:3.1.1"
  checksum: 37f3535f99193a5ff755af30866bb55828aff044bdc14e1844d0965470ba87ef686761fbbf2cea02955f1bb8510f72c3308e7dbe2d794fa85058a33bf60ea372
  languageName: node
  linkType: hard

"faye-websocket@npm:0.11.4":
  version: 0.11.4
  resolution: "faye-websocket@npm:0.11.4"
  dependencies:
    websocket-driver: "npm:>=0.5.1"
  checksum: 045bb7aa8e087ab7a37d396ca7209b268666ad44ab1f1d39729f9a5ad329a894eaef633a17ac0ea2e73f039dd45c49a0c5a8ea1640b4a8ed58271a48aac46e58
  languageName: node
  linkType: hard

"firebase@npm:^10.3.1":
  version: 10.3.1
  resolution: "firebase@npm:10.3.1"
  dependencies:
    "@firebase/analytics": "npm:0.10.0"
    "@firebase/analytics-compat": "npm:0.2.6"
    "@firebase/app": "npm:0.9.18"
    "@firebase/app-check": "npm:0.8.0"
    "@firebase/app-check-compat": "npm:0.3.7"
    "@firebase/app-compat": "npm:0.2.18"
    "@firebase/app-types": "npm:0.9.0"
    "@firebase/auth": "npm:1.3.0"
    "@firebase/auth-compat": "npm:0.4.6"
    "@firebase/database": "npm:1.0.1"
    "@firebase/database-compat": "npm:1.0.1"
    "@firebase/firestore": "npm:4.1.3"
    "@firebase/firestore-compat": "npm:0.3.17"
    "@firebase/functions": "npm:0.10.0"
    "@firebase/functions-compat": "npm:0.3.5"
    "@firebase/installations": "npm:0.6.4"
    "@firebase/installations-compat": "npm:0.2.4"
    "@firebase/messaging": "npm:0.12.4"
    "@firebase/messaging-compat": "npm:0.2.4"
    "@firebase/performance": "npm:0.6.4"
    "@firebase/performance-compat": "npm:0.2.4"
    "@firebase/remote-config": "npm:0.4.4"
    "@firebase/remote-config-compat": "npm:0.2.4"
    "@firebase/storage": "npm:0.11.2"
    "@firebase/storage-compat": "npm:0.3.2"
    "@firebase/util": "npm:1.9.3"
  checksum: 118e978089566ba89cfe9ab62066d5bb934c2de92bed58e092785fc434d5a03a35d4f442570dce14ec0cc079ec0753ccc623f93364a39fd61fbe227bb254a147
  languageName: node
  linkType: hard

"get-caller-file@npm:^2.0.5":
  version: 2.0.5
  resolution: "get-caller-file@npm:2.0.5"
  checksum: 24c1eb494b27c789e9267d7220bb131e409427b793f9e2b07f772f8d84c44eb0b42b90c258d858ee758ec6a21092c16a1c78c5fac02c0df7c156bb7113307192
  languageName: node
  linkType: hard

"glob-to-regexp@npm:^0.4.1":
  version: 0.4.1
  resolution: "glob-to-regexp@npm:0.4.1"
  checksum: 8d5332e7b023069e25af4de7833bc391144926546a469c187848b4509106ffdb9815c7e1a0fae80398d682fdc4b6fcb6b91fa42b5e966018d21ff442751d2d3b
  languageName: node
  linkType: hard

"graceful-fs@npm:^4.1.2":
  version: 4.2.11
  resolution: "graceful-fs@npm:4.2.11"
  checksum: 0228fc1080e6cb20d31920aff457e5d44f137b8864220c204b5ba6461d2d46d30361557a4c054373a8c04a03b59c92a42d40230104bb59c5ea737072bc15709c
  languageName: node
  linkType: hard

"http-parser-js@npm:>=0.5.1":
  version: 0.5.8
  resolution: "http-parser-js@npm:0.5.8"
  checksum: 34e5b42f1d9a9ad29af304710fa29681c0600b56e180219511037a10c90ab206e640fe1f5c8be232cca177b5685fb3cdff9ad0726b0e59e27e0d195a6468ecf9
  languageName: node
  linkType: hard

"idb@npm:7.0.1":
  version: 7.0.1
  resolution: "idb@npm:7.0.1"
  checksum: 72e278614a1e94b58166acbea87669f877695dd2ae4b6e323127aa5d33e244f32d64c5ce9d32d347f22b37ce6bb0396095121d8d6e45137f57101ed1ec511c35
  languageName: node
  linkType: hard

"idb@npm:7.1.1":
  version: 7.1.1
  resolution: "idb@npm:7.1.1"
  checksum: 9f9a55d7ef9409d37a0270104b89137cdd2a29fbc5cab65561a1dc1d4cdb25f1239ce9dcd1abdb25b81bf81269fad0e601be7d3bd3d8f06f2060c4c65d059748
  languageName: node
  linkType: hard

"is-fullwidth-code-point@npm:^3.0.0":
  version: 3.0.0
  resolution: "is-fullwidth-code-point@npm:3.0.0"
  checksum: c06b5792b82dcdedb41858cdb07ca4ae5b9a853ad65c91529533221f384d751bedd8ad8db5a527cb219fd989c32a0faa0833312b6a190fe597acdd23165ef724
  languageName: node
  linkType: hard

"js-tokens@npm:^3.0.0 || ^4.0.0":
  version: 4.0.0
  resolution: "js-tokens@npm:4.0.0"
  checksum: 47d1c18dc6b9eed4baf1db3d81b36feb95b463201c82ffce0d7a4d65ede596ba97d6ac2468974199705db9ef8a3433606af41fc7bbe7cb25c1dd601785413d9b
  languageName: node
  linkType: hard

"lodash.camelcase@npm:^4.3.0":
  version: 4.3.0
  resolution: "lodash.camelcase@npm:4.3.0"
  checksum: 773d36b52707814ad5b6880fe8ccefa1a490a69cb5d233b9600e00a310ef64b639f56760e383743ac06901f2c073ee4c317b19896397bf1cf94d1cbcf2706923
  languageName: node
  linkType: hard

"long@npm:^5.0.0":
  version: 5.2.3
  resolution: "long@npm:5.2.3"
  checksum: 2f9db2d025e291fbd02e23a955cd00f18c263e82147df6dca302b1a1cd45f3851d31aef3a381373428185046ee700556af150145149bccfd74b7b87f683c66f1
  languageName: node
  linkType: hard

"loose-envify@npm:^1.1.0":
  version: 1.4.0
  resolution: "loose-envify@npm:1.4.0"
  dependencies:
    js-tokens: "npm:^3.0.0 || ^4.0.0"
  bin:
    loose-envify: cli.js
  checksum: 39c5fc44c6a8f7f8a92cccf174554fbb307477ef493760407920fdd4ed5f6cc1aec5b6a5ab3c3767ef79547b3e1aea09d8ca08d773232c662d910cfe473a0590
  languageName: node
  linkType: hard

"nanoid@npm:^3.3.4":
  version: 3.3.6
  resolution: "nanoid@npm:3.3.6"
  bin:
    nanoid: bin/nanoid.cjs
  checksum: c6f3fad3b9132b17f72f9ca018ff12caf5a9fd474d08881156deffe7c77cc76220e49610232e570e2a33e3aa941214c08634762390a87b1fb9816d6108aa9e64
  languageName: node
  linkType: hard

"next@npm:13.4.19":
  version: 13.4.19
  resolution: "next@npm:13.4.19"
  dependencies:
    "@next/env": "npm:13.4.19"
    "@next/swc-darwin-arm64": "npm:13.4.19"
    "@next/swc-darwin-x64": "npm:13.4.19"
    "@next/swc-linux-arm64-gnu": "npm:13.4.19"
    "@next/swc-linux-arm64-musl": "npm:13.4.19"
    "@next/swc-linux-x64-gnu": "npm:13.4.19"
    "@next/swc-linux-x64-musl": "npm:13.4.19"
    "@next/swc-win32-arm64-msvc": "npm:13.4.19"
    "@next/swc-win32-ia32-msvc": "npm:13.4.19"
    "@next/swc-win32-x64-msvc": "npm:13.4.19"
    "@swc/helpers": "npm:0.5.1"
    busboy: "npm:1.6.0"
    caniuse-lite: "npm:^1.0.30001406"
    postcss: "npm:8.4.14"
    styled-jsx: "npm:5.1.1"
    watchpack: "npm:2.4.0"
    zod: "npm:3.21.4"
  peerDependencies:
    "@opentelemetry/api": ^1.1.0
    react: ^18.2.0
    react-dom: ^18.2.0
    sass: ^1.3.0
  dependenciesMeta:
    "@next/swc-darwin-arm64":
      optional: true
    "@next/swc-darwin-x64":
      optional: true
    "@next/swc-linux-arm64-gnu":
      optional: true
    "@next/swc-linux-arm64-musl":
      optional: true
    "@next/swc-linux-x64-gnu":
      optional: true
    "@next/swc-linux-x64-musl":
      optional: true
    "@next/swc-win32-arm64-msvc":
      optional: true
    "@next/swc-win32-ia32-msvc":
      optional: true
    "@next/swc-win32-x64-msvc":
      optional: true
  peerDependenciesMeta:
    "@opentelemetry/api":
      optional: true
    sass:
      optional: true
  bin:
    next: dist/bin/next
  checksum: 7b5d03cb84a77dc499f3799447416fcb51955bf2abd67c334bea2e6a6b3c1e344a196cc3a6e0c0efa29718831c73ba06b6a43ac8a8594f76ca011a6ce3c6ba52
  languageName: node
  linkType: hard

"node-fetch@npm:2.6.7":
  version: 2.6.7
  resolution: "node-fetch@npm:2.6.7"
  dependencies:
    whatwg-url: "npm:^5.0.0"
  peerDependencies:
    encoding: ^0.1.0
  peerDependenciesMeta:
    encoding:
      optional: true
  checksum: 05c03fe66f38b9e349e691caf121b693a91adb41ab59c3af17d2c5f9d2f8d927c30b428e7c8049b739c674db06171117ba9d10dc72d6a2cf35ba8901dfb4de83
  languageName: node
  linkType: hard

"picocolors@npm:^1.0.0":
  version: 1.0.0
  resolution: "picocolors@npm:1.0.0"
  checksum: 447e1f6e4953522a3947f2effa93dca66f2436a7c275327ba1a7fb526eab369fc9847d77ebcd734dc483322256f34b431e93a325e44726e4ec390c11cc7f5c87
  languageName: node
  linkType: hard

"postcss@npm:8.4.14":
  version: 8.4.14
  resolution: "postcss@npm:8.4.14"
  dependencies:
    nanoid: "npm:^3.3.4"
    picocolors: "npm:^1.0.0"
    source-map-js: "npm:^1.0.2"
  checksum: 1e1e4a4cc235674bea79da18dd3e02ea8ffcd51546c7ddf1fc7ba4de5e89154a83988bb8c1b30bd9566df56fc0077dce6e620d8f9ce6ababf60f659ffc53f72c
  languageName: node
  linkType: hard

"protobufjs@npm:^7.2.4":
  version: 7.2.5
  resolution: "protobufjs@npm:7.2.5"
  dependencies:
    "@protobufjs/aspromise": "npm:^1.1.2"
    "@protobufjs/base64": "npm:^1.1.2"
    "@protobufjs/codegen": "npm:^2.0.4"
    "@protobufjs/eventemitter": "npm:^1.1.0"
    "@protobufjs/fetch": "npm:^1.1.0"
    "@protobufjs/float": "npm:^1.0.2"
    "@protobufjs/inquire": "npm:^1.1.0"
    "@protobufjs/path": "npm:^1.1.2"
    "@protobufjs/pool": "npm:^1.1.0"
    "@protobufjs/utf8": "npm:^1.1.0"
    "@types/node": "npm:>=13.7.0"
    long: "npm:^5.0.0"
  checksum: 98532f415f29d0500475d185c034587ee25fde4e584013dc9b522e3e9db7eae2ce7c0eb8b06e9a5a9baf97d1b34d51cdb2cf23f70986ca95ba874fd205cc7b88
  languageName: node
  linkType: hard

"react-dom@npm:18.2.0":
  version: 18.2.0
  resolution: "react-dom@npm:18.2.0"
  dependencies:
    loose-envify: "npm:^1.1.0"
    scheduler: "npm:^0.23.0"
  peerDependencies:
    react: ^18.2.0
  checksum: 7c5b915fb793d63563cec1f721e059e6ff0e2855ac116ab5cb7450b6c59398f5e25f95c960ce5cb93504cc58ab724a75a78e99282354e702a0e667d0d787d028
  languageName: node
  linkType: hard

"react@npm:18.2.0":
  version: 18.2.0
  resolution: "react@npm:18.2.0"
  dependencies:
    loose-envify: "npm:^1.1.0"
  checksum: 8434e5782c52b3bf18a80b666348977924ee3827895fa03ec3ffb9faca90c460049f14130428dd1546bab6cf3b2c277f2c243d3c2a856501331d2e69c24b2bb9
  languageName: node
  linkType: hard

"require-directory@npm:^2.1.1":
  version: 2.1.1
  resolution: "require-directory@npm:2.1.1"
  checksum: 1b1289dc30006e3c6576dd899ed812921f680d652005118cfabcf5d0679e885ff19a6659219e6705571a6ba7f4278f24d93b17f7e7e9ba28dc4b38e256f35d61
  languageName: node
  linkType: hard

"safe-buffer@npm:>=5.1.0":
  version: 5.2.1
  resolution: "safe-buffer@npm:5.2.1"
  checksum: da8a21b3336a21c152eb3ba8ab41acde5772644f026d4b6e5f9fd8afa4f0cf407c113b19a362580fab9aea8beea295465432fc7684f9ff38aac559bb1b5528cd
  languageName: node
  linkType: hard

"scheduler@npm:^0.23.0":
  version: 0.23.0
  resolution: "scheduler@npm:0.23.0"
  dependencies:
    loose-envify: "npm:^1.1.0"
  checksum: f4022b95cdc282668643da4850f55fe70c899aa956d11819f196e2ca892271bdb253613e53997852094f9351f7c72d057eea8b28d9b4bcb93bcb1c6d09985c82
  languageName: node
  linkType: hard

"source-map-js@npm:^1.0.2":
  version: 1.0.2
  resolution: "source-map-js@npm:1.0.2"
  checksum: 4496d29f371909dbc27dfb302f31cadc70b6f1591b2b433337daf923fac30e9632523e169494b40d06b53228166a577875a3610bce3412de8bb600152f748a9c
  languageName: node
  linkType: hard

"streamsearch@npm:^1.1.0":
  version: 1.1.0
  resolution: "streamsearch@npm:1.1.0"
  checksum: 8d7c4b5046cf7ff528421d6e2ee0d8335da82a34edca4c58e2022390f4f73be1c83deeb14010bf939bb71e7990bd06367ca0382b3c6df1b932ecb1b98bb50e22
  languageName: node
  linkType: hard

"string-width@npm:^4.1.0, string-width@npm:^4.2.0, string-width@npm:^4.2.3":
  version: 4.2.3
  resolution: "string-width@npm:4.2.3"
  dependencies:
    emoji-regex: "npm:^8.0.0"
    is-fullwidth-code-point: "npm:^3.0.0"
    strip-ansi: "npm:^6.0.1"
  checksum: aa0f3e082b461e0dc8c54334ef2c748b777e7529c34d348ee16e69690da45e24f223804d94060633126462e2aa4906d6fbfab882f34036a9f4ccd3dbcd2d6931
  languageName: node
  linkType: hard

"strip-ansi@npm:^6.0.0, strip-ansi@npm:^6.0.1":
  version: 6.0.1
  resolution: "strip-ansi@npm:6.0.1"
  dependencies:
    ansi-regex: "npm:^5.0.1"
  checksum: 056ca08f8097351060572eee207ec66247937d7248780a3d643b5eed7d6b5ca6a0990a4f921ffd329e8e9b66427a384237892ac3cb47463adf7d040b154084ec
  languageName: node
  linkType: hard

"styled-jsx@npm:5.1.1":
  version: 5.1.1
  resolution: "styled-jsx@npm:5.1.1"
  dependencies:
    client-only: "npm:0.0.1"
  peerDependencies:
    react: ">= 16.8.0 || 17.x.x || ^18.0.0-0"
  peerDependenciesMeta:
    "@babel/core":
      optional: true
    babel-plugin-macros:
      optional: true
  checksum: 709de74259b62aa9b9184f60fd157c5723e3a92be87eff16ca2aa20a7b4f71e680c6fedf3a5d8bc66ec79f8bde756a49d19edc47c9dbe3d98e9ae095f09a350c
  languageName: node
  linkType: hard

"tr46@npm:~0.0.3":
  version: 0.0.3
  resolution: "tr46@npm:0.0.3"
  checksum: c670667f2df1c0983b48ee7e81d6013ab304f73573e9e4292233821b2219504307bedffc303c32df30813a9138114b8b084c81dea94fb68f08aca7770af98578
  languageName: node
  linkType: hard

"tslib@npm:^2.1.0, tslib@npm:^2.4.0":
  version: 2.6.2
  resolution: "tslib@npm:2.6.2"
  checksum: e5654691294dfbc49d7f37c8476b11a90ab8a0af4ad8cc968af1d013600e84ecfcd9a68e1cb89f5dcfe5c88872e3fbacea830d237cfa063498115a88f4bd2de6
  languageName: node
  linkType: hard

"waffles@workspace:.":
  version: 0.0.0-use.local
  resolution: "waffles@workspace:."
  dependencies:
    firebase: "npm:^10.3.1"
    next: "npm:13.4.19"
    react: "npm:18.2.0"
    react-dom: "npm:18.2.0"
  languageName: unknown
  linkType: soft

"watchpack@npm:2.4.0":
  version: 2.4.0
  resolution: "watchpack@npm:2.4.0"
  dependencies:
    glob-to-regexp: "npm:^0.4.1"
    graceful-fs: "npm:^4.1.2"
  checksum: f5fd095d2b5b201e2f70c74d3ea187e3b679aaf0a871b8df5390bc9c7eff61c0d80b34a058293bdc4e2ac1b8689fa7d2df1c42aae4001aecd416c6d1d2271705
  languageName: node
  linkType: hard

"webidl-conversions@npm:^3.0.0":
  version: 3.0.1
  resolution: "webidl-conversions@npm:3.0.1"
  checksum: 57c8c5fdd986be5432ea6adacd87d6757144289d3b48b33441e7310bd4f4f6d782dd34acbd74d61e923c142cc50333d27ba58235692fa7248541c0bcce2563e1
  languageName: node
  linkType: hard

"websocket-driver@npm:>=0.5.1":
  version: 0.7.4
  resolution: "websocket-driver@npm:0.7.4"
  dependencies:
    http-parser-js: "npm:>=0.5.1"
    safe-buffer: "npm:>=5.1.0"
    websocket-extensions: "npm:>=0.1.1"
  checksum: 63e6fbad49fa0835aa1a4fc2bfe64068c6e6b3f4ab7c81e7a5e062803a2bfabc75715a548c5babcbdad2577cd6f07c9fcb22b0f45c5fa6368ae0fb2e6b05cda5
  languageName: node
  linkType: hard

"websocket-extensions@npm:>=0.1.1":
  version: 0.1.4
  resolution: "websocket-extensions@npm:0.1.4"
  checksum: 19457f99cd1521033a8f6fc1e23695ac1e310ff5615cf07eadeed4453e14c4ef36105ef7a1f55ff94caa76fd09c058e6543edfd2a26267a5a0ac523d6275c6b3
  languageName: node
  linkType: hard

"whatwg-url@npm:^5.0.0":
  version: 5.0.0
  resolution: "whatwg-url@npm:5.0.0"
  dependencies:
    tr46: "npm:~0.0.3"
    webidl-conversions: "npm:^3.0.0"
  checksum: bd0cc6b75b84b3d032e30712e2f40eefbc07ecd14f093e87b2f81bb68bce10a3961e8eb646a7a8cc9c2352548fb501eeff668c8b2595fd7c6ea91d1406ce11ee
  languageName: node
  linkType: hard

"wrap-ansi@npm:^7.0.0":
  version: 7.0.0
  resolution: "wrap-ansi@npm:7.0.0"
  dependencies:
    ansi-styles: "npm:^4.0.0"
    string-width: "npm:^4.1.0"
    strip-ansi: "npm:^6.0.0"
  checksum: b72e4a1ebd582221c3d7eae2473c7841af1fd435defe08bb3854600013ced559b10efa767b4fdc6725402ab16b79f86f73e5d4edc7cf9214e15733ee34849aa0
  languageName: node
  linkType: hard

"y18n@npm:^5.0.5":
  version: 5.0.8
  resolution: "y18n@npm:5.0.8"
  checksum: 10a6a4dcab8518b72a500520664b686bffe79d8e756af1a7eedf49fa72ab35e40f508896e0baa534f7f92e08193a6dad4283298c11ea7885e710c76b7e2bcc7a
  languageName: node
  linkType: hard

"yargs-parser@npm:^21.1.1":
  version: 21.1.1
  resolution: "yargs-parser@npm:21.1.1"
  checksum: fc4457cf1e4d7d41e5b3a1d62e86b3934af704dd8777979a3c4c573e08eea437801444622cd68607c0266d53b90d84e8e79fd4f5ff170d1be8860064111bbad6
  languageName: node
  linkType: hard

"yargs@npm:^17.7.2":
  version: 17.7.2
  resolution: "yargs@npm:17.7.2"
  dependencies:
    cliui: "npm:^8.0.1"
    escalade: "npm:^3.1.1"
    get-caller-file: "npm:^2.0.5"
    require-directory: "npm:^2.1.1"
    string-width: "npm:^4.2.3"
    y18n: "npm:^5.0.5"
    yargs-parser: "npm:^21.1.1"
  checksum: 02578d19d9c9a21ed980903995a5a9b7d913e8dccefe182fadae1afee26c6903f912594524d13ea2950dbaad1024e9d255c380a150fbda957bd32e9d0d772eb0
  languageName: node
  linkType: hard

"zod@npm:3.21.4":
  version: 3.21.4
  resolution: "zod@npm:3.21.4"
  checksum: f25f384f380c49d05a11541093a8d26f07688aa39f6a8adbd6dc338b43f63617bf138734fb1b79800ba374523f6a1bb561f7d401b3cc051fed2715eae5577d0a
  languageName: node
  linkType: hard
